// !$*UTF8*$!
{
	archiveVersion = 1;
	classes = {
	};
	objectVersion = 50;
	objects = {

/* Begin PBXBuildFile section */
		77122AC5245912D400673FEF /* Assets.xcassets in Resources */ = {isa = PBXBuildFile; fileRef = 77122AC4245912D400673FEF /* Assets.xcassets */; };
		77122AC724591A1500673FEF /* fotoCell.png in Resources */ = {isa = PBXBuildFile; fileRef = 77122AC624591A1500673FEF /* fotoCell.png */; };
		774882F424598A9E00FCFC97 /* model.swift in Sources */ = {isa = PBXBuildFile; fileRef = 774882F324598A9E00FCFC97 /* model.swift */; };
		77D95287244D241C0040C721 /* AppDelegate.swift in Sources */ = {isa = PBXBuildFile; fileRef = 77D95286244D241C0040C721 /* AppDelegate.swift */; };
		77D95289244D241C0040C721 /* SceneDelegate.swift in Sources */ = {isa = PBXBuildFile; fileRef = 77D95288244D241C0040C721 /* SceneDelegate.swift */; };
		77D9528B244D241C0040C721 /* HomeViewController.swift in Sources */ = {isa = PBXBuildFile; fileRef = 77D9528A244D241C0040C721 /* HomeViewController.swift */; };
		77D9528E244D241C0040C721 /* Main.storyboard in Resources */ = {isa = PBXBuildFile; fileRef = 77D9528C244D241C0040C721 /* Main.storyboard */; };
		77D95293244D241E0040C721 /* LaunchScreen.storyboard in Resources */ = {isa = PBXBuildFile; fileRef = 77D95291244D241E0040C721 /* LaunchScreen.storyboard */; };
		8A0F81432457274F00D42CCE /* HomeViewController+Extension.swift in Sources */ = {isa = PBXBuildFile; fileRef = 8A0F81422457274F00D42CCE /* HomeViewController+Extension.swift */; };
		8A0F814C2457357C00D42CCE /* Teste.txt in Resources */ = {isa = PBXBuildFile; fileRef = 8A0F814B2457357C00D42CCE /* Teste.txt */; };
		8A75BCD224609ABA00CF15DD /* #457.txt in Resources */ = {isa = PBXBuildFile; fileRef = 8A75BCCC24609ABA00CF15DD /* #457.txt */; };
		8A75BCD324609ABA00CF15DD /* #461.txt in Resources */ = {isa = PBXBuildFile; fileRef = 8A75BCCD24609ABA00CF15DD /* #461.txt */; };
		8A75BCD424609ABA00CF15DD /* #460.txt in Resources */ = {isa = PBXBuildFile; fileRef = 8A75BCCE24609ABA00CF15DD /* #460.txt */; };
		8A75BCD524609ABA00CF15DD /* #462.txt in Resources */ = {isa = PBXBuildFile; fileRef = 8A75BCCF24609ABA00CF15DD /* #462.txt */; };
		8A75BCD624609ABA00CF15DD /* #459.txt in Resources */ = {isa = PBXBuildFile; fileRef = 8A75BCD024609ABA00CF15DD /* #459.txt */; };
		8A75BCD724609ABA00CF15DD /* #458.txt in Resources */ = {isa = PBXBuildFile; fileRef = 8A75BCD124609ABA00CF15DD /* #458.txt */; };
/* End PBXBuildFile section */

/* Begin PBXFileReference section */
		77122AC4245912D400673FEF /* Assets.xcassets */ = {isa = PBXFileReference; lastKnownFileType = folder.assetcatalog; path = Assets.xcassets; sourceTree = "<group>"; };
		77122AC624591A1500673FEF /* fotoCell.png */ = {isa = PBXFileReference; lastKnownFileType = image.png; path = fotoCell.png; sourceTree = "<group>"; };
		774882F324598A9E00FCFC97 /* model.swift */ = {isa = PBXFileReference; lastKnownFileType = sourcecode.swift; name = model.swift; path = MultipeerConectivity/model.swift; sourceTree = SOURCE_ROOT; };
		77D95283244D241C0040C721 /* MultipeerConectivity.app */ = {isa = PBXFileReference; explicitFileType = wrapper.application; includeInIndex = 0; path = MultipeerConectivity.app; sourceTree = BUILT_PRODUCTS_DIR; };
		77D95286244D241C0040C721 /* AppDelegate.swift */ = {isa = PBXFileReference; lastKnownFileType = sourcecode.swift; path = AppDelegate.swift; sourceTree = "<group>"; };
		77D95288244D241C0040C721 /* SceneDelegate.swift */ = {isa = PBXFileReference; lastKnownFileType = sourcecode.swift; path = SceneDelegate.swift; sourceTree = "<group>"; };
		77D9528A244D241C0040C721 /* HomeViewController.swift */ = {isa = PBXFileReference; lastKnownFileType = sourcecode.swift; path = HomeViewController.swift; sourceTree = "<group>"; };
		77D9528D244D241C0040C721 /* Base */ = {isa = PBXFileReference; lastKnownFileType = file.storyboard; name = Base; path = Base.lproj/Main.storyboard; sourceTree = "<group>"; };
		77D95292244D241E0040C721 /* Base */ = {isa = PBXFileReference; lastKnownFileType = file.storyboard; name = Base; path = Base.lproj/LaunchScreen.storyboard; sourceTree = "<group>"; };
		77D95294244D241E0040C721 /* Info.plist */ = {isa = PBXFileReference; lastKnownFileType = text.plist.xml; path = Info.plist; sourceTree = "<group>"; };
		8A0F81422457274F00D42CCE /* HomeViewController+Extension.swift */ = {isa = PBXFileReference; lastKnownFileType = sourcecode.swift; path = "HomeViewController+Extension.swift"; sourceTree = "<group>"; };
		8A0F814B2457357C00D42CCE /* Teste.txt */ = {isa = PBXFileReference; lastKnownFileType = text; path = Teste.txt; sourceTree = "<group>"; };
		8A75BCCC24609ABA00CF15DD /* #457.txt */ = {isa = PBXFileReference; fileEncoding = 4; lastKnownFileType = text; path = "#457.txt"; sourceTree = "<group>"; };
		8A75BCCD24609ABA00CF15DD /* #461.txt */ = {isa = PBXFileReference; fileEncoding = 4; lastKnownFileType = text; path = "#461.txt"; sourceTree = "<group>"; };
		8A75BCCE24609ABA00CF15DD /* #460.txt */ = {isa = PBXFileReference; fileEncoding = 4; lastKnownFileType = text; path = "#460.txt"; sourceTree = "<group>"; };
		8A75BCCF24609ABA00CF15DD /* #462.txt */ = {isa = PBXFileReference; fileEncoding = 4; lastKnownFileType = text; path = "#462.txt"; sourceTree = "<group>"; };
		8A75BCD024609ABA00CF15DD /* #459.txt */ = {isa = PBXFileReference; fileEncoding = 4; lastKnownFileType = text; path = "#459.txt"; sourceTree = "<group>"; };
		8A75BCD124609ABA00CF15DD /* #458.txt */ = {isa = PBXFileReference; fileEncoding = 4; lastKnownFileType = text; path = "#458.txt"; sourceTree = "<group>"; };
/* End PBXFileReference section */

/* Begin PBXFrameworksBuildPhase section */
		77D95280244D241C0040C721 /* Frameworks */ = {
			isa = PBXFrameworksBuildPhase;
			buildActionMask = 2147483647;
			files = (
			);
			runOnlyForDeploymentPostprocessing = 0;
		};
/* End PBXFrameworksBuildPhase section */

/* Begin PBXGroup section */
		77D9527A244D241C0040C721 = {
			isa = PBXGroup;
			children = (
				8A154E432460D3C800533240 /* Download */,
				8A154E442460D3F900533240 /* Download */,
				77D95285244D241C0040C721 /* MultipeerConectivity */,
				77D95284244D241C0040C721 /* Products */,
			);
			sourceTree = "<group>";
		};
		77D95284244D241C0040C721 /* Products */ = {
			isa = PBXGroup;
			children = (
				77D95283244D241C0040C721 /* MultipeerConectivity.app */,
			);
			name = Products;
			sourceTree = "<group>";
		};
		77D95285244D241C0040C721 /* MultipeerConectivity */ = {
			isa = PBXGroup;
			children = (
				77DF4A9E24591EC600A7B885 /* Controller */,
				8A0F814A2457356000D42CCE /* Files */,
				8AB4F7422457252E00216490 /* Support */,
				8AB4F73F2457247B00216490 /* Model */,
				8AB4F7432457254800216490 /* View */,
				77D95291244D241E0040C721 /* LaunchScreen.storyboard */,
				77D95294244D241E0040C721 /* Info.plist */,
			);
			path = MultipeerConectivity;
			sourceTree = "<group>";
		};
		77DF4A9E24591EC600A7B885 /* Controller */ = {
			isa = PBXGroup;
			children = (
				77D9528A244D241C0040C721 /* HomeViewController.swift */,
				8A0F81422457274F00D42CCE /* HomeViewController+Extension.swift */,
			);
			path = Controller;
			sourceTree = "<group>";
		};
		8A0F814A2457356000D42CCE /* Files */ = {
			isa = PBXGroup;
			children = (
				8A75BCCC24609ABA00CF15DD /* #457.txt */,
				8A75BCD124609ABA00CF15DD /* #458.txt */,
				8A75BCD024609ABA00CF15DD /* #459.txt */,
				8A75BCCE24609ABA00CF15DD /* #460.txt */,
				8A75BCCD24609ABA00CF15DD /* #461.txt */,
				8A75BCCF24609ABA00CF15DD /* #462.txt */,
				77122AC624591A1500673FEF /* fotoCell.png */,
				8A0F814B2457357C00D42CCE /* Teste.txt */,
			);
			path = Files;
			sourceTree = "<group>";
		};
		8A154E432460D3C800533240 /* Download */ = {
			isa = PBXGroup;
			children = (
			);
			name = Download;
			path = MultipeerConectivity/Download;
			sourceTree = "<group>";
		};
		8A154E442460D3F900533240 /* Download */ = {
			isa = PBXGroup;
			children = (
			);
			name = Download;
			path = ../Download;
			sourceTree = "<group>";
		};
		8AB4F73F2457247B00216490 /* Model */ = {
			isa = PBXGroup;
			children = (
				774882F324598A9E00FCFC97 /* model.swift */,
			);
			path = Model;
			sourceTree = "<group>";
		};
		8AB4F7422457252E00216490 /* Support */ = {
			isa = PBXGroup;
			children = (
				77122AC4245912D400673FEF /* Assets.xcassets */,
				77D95286244D241C0040C721 /* AppDelegate.swift */,
				77D95288244D241C0040C721 /* SceneDelegate.swift */,
			);
			path = Support;
			sourceTree = "<group>";
		};
		8AB4F7432457254800216490 /* View */ = {
			isa = PBXGroup;
			children = (
				77D9528C244D241C0040C721 /* Main.storyboard */,
			);
			path = View;
			sourceTree = "<group>";
		};
/* End PBXGroup section */

/* Begin PBXNativeTarget section */
		77D95282244D241C0040C721 /* MultipeerConectivity */ = {
			isa = PBXNativeTarget;
			buildConfigurationList = 77D95297244D241E0040C721 /* Build configuration list for PBXNativeTarget "MultipeerConectivity" */;
			buildPhases = (
				77D9527F244D241C0040C721 /* Sources */,
				77D95280244D241C0040C721 /* Frameworks */,
				77D95281244D241C0040C721 /* Resources */,
			);
			buildRules = (
			);
			dependencies = (
			);
			name = MultipeerConectivity;
			productName = MultipeerConectivity;
			productReference = 77D95283244D241C0040C721 /* MultipeerConectivity.app */;
			productType = "com.apple.product-type.application";
		};
/* End PBXNativeTarget section */

/* Begin PBXProject section */
		77D9527B244D241C0040C721 /* Project object */ = {
			isa = PBXProject;
			attributes = {
				LastSwiftUpdateCheck = 1140;
				LastUpgradeCheck = 1140;
				ORGANIZATIONNAME = "Guilherme Rangel";
				TargetAttributes = {
					77D95282244D241C0040C721 = {
						CreatedOnToolsVersion = 11.4.1;
					};
				};
			};
			buildConfigurationList = 77D9527E244D241C0040C721 /* Build configuration list for PBXProject "MultipeerConectivity" */;
			compatibilityVersion = "Xcode 9.3";
			developmentRegion = en;
			hasScannedForEncodings = 0;
			knownRegions = (
				en,
				Base,
			);
			mainGroup = 77D9527A244D241C0040C721;
			productRefGroup = 77D95284244D241C0040C721 /* Products */;
			projectDirPath = "";
			projectRoot = "";
			targets = (
				77D95282244D241C0040C721 /* MultipeerConectivity */,
			);
		};
/* End PBXProject section */

/* Begin PBXResourcesBuildPhase section */
		77D95281244D241C0040C721 /* Resources */ = {
			isa = PBXResourcesBuildPhase;
			buildActionMask = 2147483647;
			files = (
				8A0F814C2457357C00D42CCE /* Teste.txt in Resources */,
				8A75BCD724609ABA00CF15DD /* #458.txt in Resources */,
				77D95293244D241E0040C721 /* LaunchScreen.storyboard in Resources */,
				77122AC724591A1500673FEF /* fotoCell.png in Resources */,
				8A75BCD424609ABA00CF15DD /* #460.txt in Resources */,
				77122AC5245912D400673FEF /* Assets.xcassets in Resources */,
				8A75BCD624609ABA00CF15DD /* #459.txt in Resources */,
				8A75BCD524609ABA00CF15DD /* #462.txt in Resources */,
				77D9528E244D241C0040C721 /* Main.storyboard in Resources */,
				8A75BCD324609ABA00CF15DD /* #461.txt in Resources */,
				8A75BCD224609ABA00CF15DD /* #457.txt in Resources */,
			);
			runOnlyForDeploymentPostprocessing = 0;
		};
/* End PBXResourcesBuildPhase section */

/* Begin PBXSourcesBuildPhase section */
		77D9527F244D241C0040C721 /* Sources */ = {
			isa = PBXSourcesBuildPhase;
			buildActionMask = 2147483647;
			files = (
				774882F424598A9E00FCFC97 /* model.swift in Sources */,
				77D9528B244D241C0040C721 /* HomeViewController.swift in Sources */,
				77D95287244D241C0040C721 /* AppDelegate.swift in Sources */,
				77D95289244D241C0040C721 /* SceneDelegate.swift in Sources */,
				8A0F81432457274F00D42CCE /* HomeViewController+Extension.swift in Sources */,
			);
			runOnlyForDeploymentPostprocessing = 0;
		};
/* End PBXSourcesBuildPhase section */

/* Begin PBXVariantGroup section */
		77D9528C244D241C0040C721 /* Main.storyboard */ = {
			isa = PBXVariantGroup;
			children = (
				77D9528D244D241C0040C721 /* Base */,
			);
			name = Main.storyboard;
			sourceTree = "<group>";
		};
		77D95291244D241E0040C721 /* LaunchScreen.storyboard */ = {
			isa = PBXVariantGroup;
			children = (
				77D95292244D241E0040C721 /* Base */,
			);
			name = LaunchScreen.storyboard;
			sourceTree = "<group>";
		};
/* End PBXVariantGroup section */

/* Begin XCBuildConfiguration section */
		77D95295244D241E0040C721 /* Debug */ = {
			isa = XCBuildConfiguration;
			buildSettings = {
				ALWAYS_SEARCH_USER_PATHS = NO;
				CLANG_ANALYZER_NONNULL = YES;
				CLANG_ANALYZER_NUMBER_OBJECT_CONVERSION = YES_AGGRESSIVE;
				CLANG_CXX_LANGUAGE_STANDARD = "gnu++14";
				CLANG_CXX_LIBRARY = "libc++";
				CLANG_ENABLE_MODULES = YES;
				CLANG_ENABLE_OBJC_ARC = YES;
				CLANG_ENABLE_OBJC_WEAK = YES;
				CLANG_WARN_BLOCK_CAPTURE_AUTORELEASING = YES;
				CLANG_WARN_BOOL_CONVERSION = YES;
				CLANG_WARN_COMMA = YES;
				CLANG_WARN_CONSTANT_CONVERSION = YES;
				CLANG_WARN_DEPRECATED_OBJC_IMPLEMENTATIONS = YES;
				CLANG_WARN_DIRECT_OBJC_ISA_USAGE = YES_ERROR;
				CLANG_WARN_DOCUMENTATION_COMMENTS = YES;
				CLANG_WARN_EMPTY_BODY = YES;
				CLANG_WARN_ENUM_CONVERSION = YES;
				CLANG_WARN_INFINITE_RECURSION = YES;
				CLANG_WARN_INT_CONVERSION = YES;
				CLANG_WARN_NON_LITERAL_NULL_CONVERSION = YES;
				CLANG_WARN_OBJC_IMPLICIT_RETAIN_SELF = YES;
				CLANG_WARN_OBJC_LITERAL_CONVERSION = YES;
				CLANG_WARN_OBJC_ROOT_CLASS = YES_ERROR;
				CLANG_WARN_RANGE_LOOP_ANALYSIS = YES;
				CLANG_WARN_STRICT_PROTOTYPES = YES;
				CLANG_WARN_SUSPICIOUS_MOVE = YES;
				CLANG_WARN_UNGUARDED_AVAILABILITY = YES_AGGRESSIVE;
				CLANG_WARN_UNREACHABLE_CODE = YES;
				CLANG_WARN__DUPLICATE_METHOD_MATCH = YES;
				COPY_PHASE_STRIP = NO;
				DEBUG_INFORMATION_FORMAT = dwarf;
				ENABLE_STRICT_OBJC_MSGSEND = YES;
				ENABLE_TESTABILITY = YES;
				GCC_C_LANGUAGE_STANDARD = gnu11;
				GCC_DYNAMIC_NO_PIC = NO;
				GCC_NO_COMMON_BLOCKS = YES;
				GCC_OPTIMIZATION_LEVEL = 0;
				GCC_PREPROCESSOR_DEFINITIONS = (
					"DEBUG=1",
					"$(inherited)",
				);
				GCC_WARN_64_TO_32_BIT_CONVERSION = YES;
				GCC_WARN_ABOUT_RETURN_TYPE = YES_ERROR;
				GCC_WARN_UNDECLARED_SELECTOR = YES;
				GCC_WARN_UNINITIALIZED_AUTOS = YES_AGGRESSIVE;
				GCC_WARN_UNUSED_FUNCTION = YES;
				GCC_WARN_UNUSED_VARIABLE = YES;
				IPHONEOS_DEPLOYMENT_TARGET = 13.4;
				MTL_ENABLE_DEBUG_INFO = INCLUDE_SOURCE;
				MTL_FAST_MATH = YES;
				ONLY_ACTIVE_ARCH = YES;
				SDKROOT = iphoneos;
				SWIFT_ACTIVE_COMPILATION_CONDITIONS = DEBUG;
				SWIFT_OPTIMIZATION_LEVEL = "-Onone";
			};
			name = Debug;
		};
		77D95296244D241E0040C721 /* Release */ = {
			isa = XCBuildConfiguration;
			buildSettings = {
				ALWAYS_SEARCH_USER_PATHS = NO;
				CLANG_ANALYZER_NONNULL = YES;
				CLANG_ANALYZER_NUMBER_OBJECT_CONVERSION = YES_AGGRESSIVE;
				CLANG_CXX_LANGUAGE_STANDARD = "gnu++14";
				CLANG_CXX_LIBRARY = "libc++";
				CLANG_ENABLE_MODULES = YES;
				CLANG_ENABLE_OBJC_ARC = YES;
				CLANG_ENABLE_OBJC_WEAK = YES;
				CLANG_WARN_BLOCK_CAPTURE_AUTORELEASING = YES;
				CLANG_WARN_BOOL_CONVERSION = YES;
				CLANG_WARN_COMMA = YES;
				CLANG_WARN_CONSTANT_CONVERSION = YES;
				CLANG_WARN_DEPRECATED_OBJC_IMPLEMENTATIONS = YES;
				CLANG_WARN_DIRECT_OBJC_ISA_USAGE = YES_ERROR;
				CLANG_WARN_DOCUMENTATION_COMMENTS = YES;
				CLANG_WARN_EMPTY_BODY = YES;
				CLANG_WARN_ENUM_CONVERSION = YES;
				CLANG_WARN_INFINITE_RECURSION = YES;
				CLANG_WARN_INT_CONVERSION = YES;
				CLANG_WARN_NON_LITERAL_NULL_CONVERSION = YES;
				CLANG_WARN_OBJC_IMPLICIT_RETAIN_SELF = YES;
				CLANG_WARN_OBJC_LITERAL_CONVERSION = YES;
				CLANG_WARN_OBJC_ROOT_CLASS = YES_ERROR;
				CLANG_WARN_RANGE_LOOP_ANALYSIS = YES;
				CLANG_WARN_STRICT_PROTOTYPES = YES;
				CLANG_WARN_SUSPICIOUS_MOVE = YES;
				CLANG_WARN_UNGUARDED_AVAILABILITY = YES_AGGRESSIVE;
				CLANG_WARN_UNREACHABLE_CODE = YES;
				CLANG_WARN__DUPLICATE_METHOD_MATCH = YES;
				COPY_PHASE_STRIP = NO;
				DEBUG_INFORMATION_FORMAT = "dwarf-with-dsym";
				ENABLE_NS_ASSERTIONS = NO;
				ENABLE_STRICT_OBJC_MSGSEND = YES;
				GCC_C_LANGUAGE_STANDARD = gnu11;
				GCC_NO_COMMON_BLOCKS = YES;
				GCC_WARN_64_TO_32_BIT_CONVERSION = YES;
				GCC_WARN_ABOUT_RETURN_TYPE = YES_ERROR;
				GCC_WARN_UNDECLARED_SELECTOR = YES;
				GCC_WARN_UNINITIALIZED_AUTOS = YES_AGGRESSIVE;
				GCC_WARN_UNUSED_FUNCTION = YES;
				GCC_WARN_UNUSED_VARIABLE = YES;
				IPHONEOS_DEPLOYMENT_TARGET = 13.4;
				MTL_ENABLE_DEBUG_INFO = NO;
				MTL_FAST_MATH = YES;
				SDKROOT = iphoneos;
				SWIFT_COMPILATION_MODE = wholemodule;
				SWIFT_OPTIMIZATION_LEVEL = "-O";
				VALIDATE_PRODUCT = YES;
			};
			name = Release;
		};
		77D95298244D241E0040C721 /* Debug */ = {
			isa = XCBuildConfiguration;
			buildSettings = {
				CODE_SIGN_STYLE = Automatic;
				DEVELOPMENT_TEAM = ZJDDP65ZQ3;
				INFOPLIST_FILE = MultipeerConectivity/Info.plist;
				IPHONEOS_DEPLOYMENT_TARGET = 13.0;
				LD_RUNPATH_SEARCH_PATHS = (
					"$(inherited)",
					"@executable_path/Frameworks",
				);
				PRODUCT_BUNDLE_IDENTIFIER = com.rangel.mestreRG.MultipeerConectivity;
				PRODUCT_NAME = "$(TARGET_NAME)";
				SWIFT_VERSION = 5.0;
				TARGETED_DEVICE_FAMILY = "1,2";
			};
			name = Debug;
		};
		77D95299244D241E0040C721 /* Release */ = {
			isa = XCBuildConfiguration;
			buildSettings = {
				CODE_SIGN_STYLE = Automatic;
				DEVELOPMENT_TEAM = ZJDDP65ZQ3;
				INFOPLIST_FILE = MultipeerConectivity/Info.plist;
				IPHONEOS_DEPLOYMENT_TARGET = 13.0;
				LD_RUNPATH_SEARCH_PATHS = (
					"$(inherited)",
					"@executable_path/Frameworks",
				);
				PRODUCT_BUNDLE_IDENTIFIER = com.rangel.mestreRG.MultipeerConectivity;
				PRODUCT_NAME = "$(TARGET_NAME)";
				SWIFT_VERSION = 5.0;
				TARGETED_DEVICE_FAMILY = "1,2";
			};
			name = Release;
		};
/* End XCBuildConfiguration section */

/* Begin XCConfigurationList section */
		77D9527E244D241C0040C721 /* Build configuration list for PBXProject "MultipeerConectivity" */ = {
			isa = XCConfigurationList;
			buildConfigurations = (
				77D95295244D241E0040C721 /* Debug */,
				77D95296244D241E0040C721 /* Release */,
			);
			defaultConfigurationIsVisible = 0;
			defaultConfigurationName = Release;
		};
		77D95297244D241E0040C721 /* Build configuration list for PBXNativeTarget "MultipeerConectivity" */ = {
			isa = XCConfigurationList;
			buildConfigurations = (
				77D95298244D241E0040C721 /* Debug */,
				77D95299244D241E0040C721 /* Release */,
			);
			defaultConfigurationIsVisible = 0;
			defaultConfigurationName = Release;
		};
/* End XCConfigurationList section */
	};
	rootObject = 77D9527B244D241C0040C721 /* Project object */;
}
